name: "Release: refresh uv.lock"

# release-please bumps pyproject.toml's version but never relocks, and uv.lock
# records the project's own version — so its PR always arrives with a stale
# lock and `uv lock --check` in test.yml would fail there. Rather than making
# that guard skip release branches (which would land the drift on main and
# redden the next contributor's PR instead), relock the release PR in place.

on:
  pull_request:
    types: [opened, synchronize]
    branches: [main]

permissions:
  contents: write

jobs:
  relock:
    # Only release-please's own PRs, and only from this repo — a fork PR gets a
    # read-only token and could not push anyway.
    if: >-
      github.event.pull_request.head.repo.full_name == github.repository &&
      startsWith(github.head_ref, 'release-please--')
    runs-on: ubuntu-latest
    steps:
      # The App token, not GITHUB_TOKEN: a GITHUB_TOKEN push does not re-trigger
      # workflows, so the failed `lint` run would stay red with no way to rerun
      # itself. Same credentials release-please.yml passes to the reusable
      # workflow.
      - name: Generate GitHub App token
        id: app-token
        uses: actions/create-github-app-token@v3
        with:
          app-id: ${{ vars.RELEASE_PLEASE_APP_ID }}
          private-key: ${{ secrets.RELEASE_PLEASE_PRIVATE_KEY }}

      - uses: actions/checkout@v4
        with:
          ref: ${{ github.head_ref }}
          token: ${{ steps.app-token.outputs.token }}

      - name: Install uv
        uses: astral-sh/setup-uv@v6
        with:
          enable-cache: true

      - name: Relock
        run: uv lock

      # No-op once the lock is current, so the synchronize event this push
      # triggers does not start another round.
      - name: Commit if the lock moved
        run: |
          if git diff --quiet -- uv.lock; then
            echo "uv.lock already current."
            exit 0
          fi
          git config user.name "laurigates-release-please[bot]"
          git config user.email "laurigates-release-please[bot]@users.noreply.github.com"
          git add uv.lock
          git commit -m "chore: refresh uv.lock for the version bump"
          git push
